
Microsoft Visual Studio Solution File, Format Version 12.00
# Visual Studio Version 17
VisualStudioVersion = 17.0.31903.59
MinimumVisualStudioVersion = 10.0.40219.1
Project("{FAE04EC0-301F-11D3-BF4B-00C04F79EFBC}") = "TaskManagement.Core", "TaskManagement.Core\TaskManagement.Core.csproj", "{9EA455BC-9867-44B1-AB63-36F17BACDDA4}"
EndProject
Project("{FAE04EC0-301F-11D3-BF4B-00C04F79EFBC}") = "TaskManagement.Infrastructure", "TaskManagement.Infrastructure\TaskManagement.Infrastructure.csproj", "{01FEFC80-0C90-4098-AED9-8245E8870231}"
EndProject
Project("{FAE04EC0-301F-11D3-BF4B-00C04F79EFBC}") = "TaskManagement.API", "TaskManagement.API\TaskManagement.API.csproj", "{4C6DCE83-A52A-4155-AF27-5CBD148EE0FA}"
EndProject
Global
	GlobalSection(SolutionConfigurationPlatforms) = preSolution
		Debug|Any CPU = Debug|Any CPU
		Debug|x64 = Debug|x64
		Debug|x86 = Debug|x86
		Release|Any CPU = Release|Any CPU
		Release|x64 = Release|x64
		Release|x86 = Release|x86
	EndGlobalSection
	GlobalSection(ProjectConfigurationPlatforms) = postSolution
		{9EA455BC-9867-44B1-AB63-36F17BACDDA4}.Debug|Any CPU.ActiveCfg = Debug|Any CPU
		{9EA455BC-9867-44B1-AB63-36F17BACDDA4}.Debug|Any CPU.Build.0 = Debug|Any CPU
		{9EA455BC-9867-44B1-AB63-36F17BACDDA4}.Debug|x64.ActiveCfg = Debug|Any CPU
		{9EA455BC-9867-44B1-AB63-36F17BACDDA4}.Debug|x64.Build.0 = Debug|Any CPU
		{9EA455BC-9867-44B1-AB63-36F17BACDDA4}.Debug|x86.ActiveCfg = Debug|Any CPU
		{9EA455BC-9867-44B1-AB63-36F17BACDDA4}.Debug|x86.Build.0 = Debug|Any CPU
		{9EA455BC-9867-44B1-AB63-36F17BACDDA4}.Release|Any CPU.ActiveCfg = Release|Any CPU
		{9EA455BC-9867-44B1-AB63-36F17BACDDA4}.Release|Any CPU.Build.0 = Release|Any CPU
		{9EA455BC-9867-44B1-AB63-36F17BACDDA4}.Release|x64.ActiveCfg = Release|Any CPU
		{9EA455BC-9867-44B1-AB63-36F17BACDDA4}.Release|x64.Build.0 = Release|Any CPU
		{9EA455BC-9867-44B1-AB63-36F17BACDDA4}.Release|x86.ActiveCfg = Release|Any CPU
		{9EA455BC-9867-44B1-AB63-36F17BACDDA4}.Release|x86.Build.0 = Release|Any CPU
		{01FEFC80-0C90-4098-AED9-8245E8870231}.Debug|Any CPU.ActiveCfg = Debug|Any CPU
		{01FEFC80-0C90-4098-AED9-8245E8870231}.Debug|Any CPU.Build.0 = Debug|Any CPU
		{01FEFC80-0C90-4098-AED9-8245E8870231}.Debug|x64.ActiveCfg = Debug|Any CPU
		{01FEFC80-0C90-4098-AED9-8245E8870231}.Debug|x64.Build.0 = Debug|Any CPU
		{01FEFC80-0C90-4098-AED9-8245E8870231}.Debug|x86.ActiveCfg = Debug|Any CPU
		{01FEFC80-0C90-4098-AED9-8245E8870231}.Debug|x86.Build.0 = Debug|Any CPU
		{01FEFC80-0C90-4098-AED9-8245E8870231}.Release|Any CPU.ActiveCfg = Release|Any CPU
		{01FEFC80-0C90-4098-AED9-8245E8870231}.Release|Any CPU.Build.0 = Release|Any CPU
		{01FEFC80-0C90-4098-AED9-8245E8870231}.Release|x64.ActiveCfg = Release|Any CPU
		{01FEFC80-0C90-4098-AED9-8245E8870231}.Release|x64.Build.0 = Release|Any CPU
		{01FEFC80-0C90-4098-AED9-8245E8870231}.Release|x86.ActiveCfg = Release|Any CPU
		{01FEFC80-0C90-4098-AED9-8245E8870231}.Release|x86.Build.0 = Release|Any CPU
		{4C6DCE83-A52A-4155-AF27-5CBD148EE0FA}.Debug|Any CPU.ActiveCfg = Debug|Any CPU
		{4C6DCE83-A52A-4155-AF27-5CBD148EE0FA}.Debug|Any CPU.Build.0 = Debug|Any CPU
		{4C6DCE83-A52A-4155-AF27-5CBD148EE0FA}.Debug|x64.ActiveCfg = Debug|Any CPU
		{4C6DCE83-A52A-4155-AF27-5CBD148EE0FA}.Debug|x64.Build.0 = Debug|Any CPU
		{4C6DCE83-A52A-4155-AF27-5CBD148EE0FA}.Debug|x86.ActiveCfg = Debug|Any CPU
		{4C6DCE83-A52A-4155-AF27-5CBD148EE0FA}.Debug|x86.Build.0 = Debug|Any CPU
		{4C6DCE83-A52A-4155-AF27-5CBD148EE0FA}.Release|Any CPU.ActiveCfg = Release|Any CPU
		{4C6DCE83-A52A-4155-AF27-5CBD148EE0FA}.Release|Any CPU.Build.0 = Release|Any CPU
		{4C6DCE83-A52A-4155-AF27-5CBD148EE0FA}.Release|x64.ActiveCfg = Release|Any CPU
		{4C6DCE83-A52A-4155-AF27-5CBD148EE0FA}.Release|x64.Build.0 = Release|Any CPU
		{4C6DCE83-A52A-4155-AF27-5CBD148EE0FA}.Release|x86.ActiveCfg = Release|Any CPU
		{4C6DCE83-A52A-4155-AF27-5CBD148EE0FA}.Release|x86.Build.0 = Release|Any CPU
	EndGlobalSection
	GlobalSection(SolutionProperties) = preSolution
		HideSolutionNode = FALSE
	EndGlobalSection
EndGlobal
